
Microsoft Visual Studio Solution File, Format Version 12.00
# Visual Studio Version 16
VisualStudioVersion = 16.0.29519.87
MinimumVisualStudioVersion = 10.0.40219.1
Project("{FAE04EC0-301F-11D3-BF4B-00C04F79EFBC}") = "ComicBookGallery", "ComicBookGallery\ComicBookGallery.csproj", "{B2536CE5-FB25-4735-8ADF-7577C8C57272}"
EndProject
Global
	GlobalSection(SolutionConfigurationPlatforms) = preSolution
		Debug|Any CPU = Debug|Any CPU
		Release|Any CPU = Release|Any CPU
	EndGlobalSection
	GlobalSection(ProjectConfigurationPlatforms) = postSolution
		{B2536CE5-FB25-4735-8ADF-7577C8C57272}.Debug|Any CPU.ActiveCfg = Debug|Any CPU
		{B2536CE5-FB25-4735-8ADF-7577C8C57272}.Debug|Any CPU.Build.0 = Debug|Any CPU
		{B2536CE5-FB25-4735-8ADF-7577C8C57272}.Release|Any CPU.ActiveCfg = Release|Any CPU
		{B2536CE5-FB25-4735-8ADF-7577C8C57272}.Release|Any CPU.Build.0 = Release|Any CPU
	EndGlobalSection
	GlobalSection(SolutionProperties) = preSolution
		HideSolutionNode = FALSE
	EndGlobalSection
	GlobalSection(ExtensibilityGlobals) = postSolution
		SolutionGuid = {28925B2F-67A3-48BA-97B6-107248281438}
	EndGlobalSection
EndGlobal
